// !$*UTF8*$!
{
	archiveVersion = 1;
	classes = {
	};
	objectVersion = 46;
	objects = {

/* Begin PBXBuildFile section */
		6193BA0B1F47189B0024802B /* AppDelegate.swift in Sources */ = {isa = PBXBuildFile; fileRef = 6193BA0A1F47189B0024802B /* AppDelegate.swift */; };
		6193BA0D1F47189B0024802B /* ViewController.swift in Sources */ = {isa = PBXBuildFile; fileRef = 6193BA0C1F47189B0024802B /* ViewController.swift */; };
		6193BA101F47189B0024802B /* Main.storyboard in Resources */ = {isa = PBXBuildFile; fileRef = 6193BA0E1F47189B0024802B /* Main.storyboard */; };
		6193BA121F47189B0024802B /* Assets.xcassets in Resources */ = {isa = PBXBuildFile; fileRef = 6193BA111F47189B0024802B /* Assets.xcassets */; };
		6193BA151F47189B0024802B /* LaunchScreen.storyboard in Resources */ = {isa = PBXBuildFile; fileRef = 6193BA131F47189B0024802B /* LaunchScreen.storyboard */; };
		6193BA1D1F47190D0024802B /* CalenderView.swift in Sources */ = {isa = PBXBuildFile; fileRef = 6193BA1C1F47190D0024802B /* CalenderView.swift */; };
		6193BA1F1F4719290024802B /* CalenderView.xib in Resources */ = {isa = PBXBuildFile; fileRef = 6193BA1E1F4719290024802B /* CalenderView.xib */; };
		6193BA211F47302C0024802B /* CalenderModel.swift in Sources */ = {isa = PBXBuildFile; fileRef = 6193BA201F47302C0024802B /* CalenderModel.swift */; };
		6193BA241F4AF9BE0024802B /* CalenderViewCell.swift in Sources */ = {isa = PBXBuildFile; fileRef = 6193BA221F4AF9BE0024802B /* CalenderViewCell.swift */; };
		6193BA251F4AF9BE0024802B /* CalenderViewCell.xib in Resources */ = {isa = PBXBuildFile; fileRef = 6193BA231F4AF9BE0024802B /* CalenderViewCell.xib */; };
/* End PBXBuildFile section */

/* Begin PBXFileReference section */
		6193BA071F47189B0024802B /* CalenderView.app */ = {isa = PBXFileReference; explicitFileType = wrapper.application; includeInIndex = 0; path = CalenderView.app; sourceTree = BUILT_PRODUCTS_DIR; };
		6193BA0A1F47189B0024802B /* AppDelegate.swift */ = {isa = PBXFileReference; lastKnownFileType = sourcecode.swift; path = AppDelegate.swift; sourceTree = "<group>"; };
		6193BA0C1F47189B0024802B /* ViewController.swift */ = {isa = PBXFileReference; lastKnownFileType = sourcecode.swift; path = ViewController.swift; sourceTree = "<group>"; };
		6193BA0F1F47189B0024802B /* Base */ = {isa = PBXFileReference; lastKnownFileType = file.storyboard; name = Base; path = Base.lproj/Main.storyboard; sourceTree = "<group>"; };
		6193BA111F47189B0024802B /* Assets.xcassets */ = {isa = PBXFileReference; lastKnownFileType = folder.assetcatalog; path = Assets.xcassets; sourceTree = "<group>"; };
		6193BA141F47189B0024802B /* Base */ = {isa = PBXFileReference; lastKnownFileType = file.storyboard; name = Base; path = Base.lproj/LaunchScreen.storyboard; sourceTree = "<group>"; };
		6193BA161F47189B0024802B /* Info.plist */ = {isa = PBXFileReference; lastKnownFileType = text.plist.xml; path = Info.plist; sourceTree = "<group>"; };
		6193BA1C1F47190D0024802B /* CalenderView.swift */ = {isa = PBXFileReference; fileEncoding = 4; lastKnownFileType = sourcecode.swift; path = CalenderView.swift; sourceTree = "<group>"; };
		6193BA1E1F4719290024802B /* CalenderView.xib */ = {isa = PBXFileReference; fileEncoding = 4; lastKnownFileType = file.xib; path = CalenderView.xib; sourceTree = "<group>"; };
		6193BA201F47302C0024802B /* CalenderModel.swift */ = {isa = PBXFileReference; fileEncoding = 4; lastKnownFileType = sourcecode.swift; path = CalenderModel.swift; sourceTree = "<group>"; };
		6193BA221F4AF9BE0024802B /* CalenderViewCell.swift */ = {isa = PBXFileReference; fileEncoding = 4; lastKnownFileType = sourcecode.swift; path = CalenderViewCell.swift; sourceTree = "<group>"; };
		6193BA231F4AF9BE0024802B /* CalenderViewCell.xib */ = {isa = PBXFileReference; fileEncoding = 4; lastKnownFileType = file.xib; path = CalenderViewCell.xib; sourceTree = "<group>"; };
/* End PBXFileReference section */

/* Begin PBXFrameworksBuildPhase section */
		6193BA041F47189B0024802B /* Frameworks */ = {
			isa = PBXFrameworksBuildPhase;
			buildActionMask = 2147483647;
			files = (
			);
			runOnlyForDeploymentPostprocessing = 0;
		};
/* End PBXFrameworksBuildPhase section */

/* Begin PBXGroup section */
		6193B9FE1F47189B0024802B = {
			isa = PBXGroup;
			children = (
				6193BA091F47189B0024802B /* CalenderView */,
				6193BA081F47189B0024802B /* Products */,
			);
			sourceTree = "<group>";
		};
		6193BA081F47189B0024802B /* Products */ = {
			isa = PBXGroup;
			children = (
				6193BA071F47189B0024802B /* CalenderView.app */,
			);
			name = Products;
			sourceTree = "<group>";
		};
		6193BA091F47189B0024802B /* CalenderView */ = {
			isa = PBXGroup;
			children = (
				6193BA0A1F47189B0024802B /* AppDelegate.swift */,
				6193BA0C1F47189B0024802B /* ViewController.swift */,
				6193BA201F47302C0024802B /* CalenderModel.swift */,
				6193BA0E1F47189B0024802B /* Main.storyboard */,
				6193BA111F47189B0024802B /* Assets.xcassets */,
				6193BA131F47189B0024802B /* LaunchScreen.storyboard */,
				6193BA161F47189B0024802B /* Info.plist */,
				6193BA1C1F47190D0024802B /* CalenderView.swift */,
				6193BA1E1F4719290024802B /* CalenderView.xib */,
				6193BA221F4AF9BE0024802B /* CalenderViewCell.swift */,
				6193BA231F4AF9BE0024802B /* CalenderViewCell.xib */,
			);
			path = CalenderView;
			sourceTree = "<group>";
		};
/* End PBXGroup section */

/* Begin PBXNativeTarget section */
		6193BA061F47189B0024802B /* CalenderView */ = {
			isa = PBXNativeTarget;
			buildConfigurationList = 6193BA191F47189B0024802B /* Build configuration list for PBXNativeTarget "CalenderView" */;
			buildPhases = (
				6193BA031F47189B0024802B /* Sources */,
				6193BA041F47189B0024802B /* Frameworks */,
				6193BA051F47189B0024802B /* Resources */,
			);
			buildRules = (
			);
			dependencies = (
			);
			name = CalenderView;
			productName = CalenderView;
			productReference = 6193BA071F47189B0024802B /* CalenderView.app */;
			productType = "com.apple.product-type.application";
		};
/* End PBXNativeTarget section */

/* Begin PBXProject section */
		6193B9FF1F47189B0024802B /* Project object */ = {
			isa = PBXProject;
			attributes = {
				LastSwiftUpdateCheck = 0820;
				LastUpgradeCheck = 0820;
				ORGANIZATIONNAME = "Aman Taneja";
				TargetAttributes = {
					6193BA061F47189B0024802B = {
						CreatedOnToolsVersion = 8.2.1;
						ProvisioningStyle = Automatic;
					};
				};
			};
			buildConfigurationList = 6193BA021F47189B0024802B /* Build configuration list for PBXProject "CalenderView" */;
			compatibilityVersion = "Xcode 3.2";
			developmentRegion = English;
			hasScannedForEncodings = 0;
			knownRegions = (
				en,
				Base,
			);
			mainGroup = 6193B9FE1F47189B0024802B;
			productRefGroup = 6193BA081F47189B0024802B /* Products */;
			projectDirPath = "";
			projectRoot = "";
			targets = (
				6193BA061F47189B0024802B /* CalenderView */,
			);
		};
/* End PBXProject section */

/* Begin PBXResourcesBuildPhase section */
		6193BA051F47189B0024802B /* Resources */ = {
			isa = PBXResourcesBuildPhase;
			buildActionMask = 2147483647;
			files = (
				6193BA251F4AF9BE0024802B /* CalenderViewCell.xib in Resources */,
				6193BA151F47189B0024802B /* LaunchScreen.storyboard in Resources */,
				6193BA121F47189B0024802B /* Assets.xcassets in Resources */,
				6193BA1F1F4719290024802B /* CalenderView.xib in Resources */,
				6193BA101F47189B0024802B /* Main.storyboard in Resources */,
			);
			runOnlyForDeploymentPostprocessing = 0;
		};
/* End PBXResourcesBuildPhase section */

/* Begin PBXSourcesBuildPhase section */
		6193BA031F47189B0024802B /* Sources */ = {
			isa = PBXSourcesBuildPhase;
			buildActionMask = 2147483647;
			files = (
				6193BA241F4AF9BE0024802B /* CalenderViewCell.swift in Sources */,
				6193BA0D1F47189B0024802B /* ViewController.swift in Sources */,
				6193BA211F47302C0024802B /* CalenderModel.swift in Sources */,
				6193BA0B1F47189B0024802B /* AppDelegate.swift in Sources */,
				6193BA1D1F47190D0024802B /* CalenderView.swift in Sources */,
			);
			runOnlyForDeploymentPostprocessing = 0;
		};
/* End PBXSourcesBuildPhase section */

/* Begin PBXVariantGroup section */
		6193BA0E1F47189B0024802B /* Main.storyboard */ = {
			isa = PBXVariantGroup;
			children = (
				6193BA0F1F47189B0024802B /* Base */,
			);
			name = Main.storyboard;
			sourceTree = "<group>";
		};
		6193BA131F47189B0024802B /* LaunchScreen.storyboard */ = {
			isa = PBXVariantGroup;
			children = (
				6193BA141F47189B0024802B /* Base */,
			);
			name = LaunchScreen.storyboard;
			sourceTree = "<group>";
		};
/* End PBXVariantGroup section */

/* Begin XCBuildConfiguration section */
		6193BA171F47189B0024802B /* Debug */ = {
			isa = XCBuildConfiguration;
			buildSettings = {
				ALWAYS_SEARCH_USER_PATHS = NO;
				CLANG_ANALYZER_NONNULL = YES;
				CLANG_CXX_LANGUAGE_STANDARD = "gnu++0x";
				CLANG_CXX_LIBRARY = "libc++";
				CLANG_ENABLE_MODULES = YES;
				CLANG_ENABLE_OBJC_ARC = YES;
				CLANG_WARN_BOOL_CONVERSION = YES;
				CLANG_WARN_CONSTANT_CONVERSION = YES;
				CLANG_WARN_DIRECT_OBJC_ISA_USAGE = YES_ERROR;
				CLANG_WARN_DOCUMENTATION_COMMENTS = YES;
				CLANG_WARN_EMPTY_BODY = YES;
				CLANG_WARN_ENUM_CONVERSION = YES;
				CLANG_WARN_INFINITE_RECURSION = YES;
				CLANG_WARN_INT_CONVERSION = YES;
				CLANG_WARN_OBJC_ROOT_CLASS = YES_ERROR;
				CLANG_WARN_SUSPICIOUS_MOVE = YES;
				CLANG_WARN_UNREACHABLE_CODE = YES;
				CLANG_WARN__DUPLICATE_METHOD_MATCH = YES;
				"CODE_SIGN_IDENTITY[sdk=iphoneos*]" = "iPhone Developer";
				COPY_PHASE_STRIP = NO;
				DEBUG_INFORMATION_FORMAT = dwarf;
				ENABLE_STRICT_OBJC_MSGSEND = YES;
				ENABLE_TESTABILITY = YES;
				GCC_C_LANGUAGE_STANDARD = gnu99;
				GCC_DYNAMIC_NO_PIC = NO;
				GCC_NO_COMMON_BLOCKS = YES;
				GCC_OPTIMIZATION_LEVEL = 0;
				GCC_PREPROCESSOR_DEFINITIONS = (
					"DEBUG=1",
					"$(inherited)",
				);
				GCC_WARN_64_TO_32_BIT_CONVERSION = YES;
				GCC_WARN_ABOUT_RETURN_TYPE = YES_ERROR;
				GCC_WARN_UNDECLARED_SELECTOR = YES;
				GCC_WARN_UNINITIALIZED_AUTOS = YES_AGGRESSIVE;
				GCC_WARN_UNUSED_FUNCTION = YES;
				GCC_WARN_UNUSED_VARIABLE = YES;
				IPHONEOS_DEPLOYMENT_TARGET = 10.2;
				MTL_ENABLE_DEBUG_INFO = YES;
				ONLY_ACTIVE_ARCH = YES;
				SDKROOT = iphoneos;
				SWIFT_ACTIVE_COMPILATION_CONDITIONS = DEBUG;
				SWIFT_OPTIMIZATION_LEVEL = "-Onone";
			};
			name = Debug;
		};
		6193BA181F47189B0024802B /* Release */ = {
			isa = XCBuildConfiguration;
			buildSettings = {
				ALWAYS_SEARCH_USER_PATHS = NO;
				CLANG_ANALYZER_NONNULL = YES;
				CLANG_CXX_LANGUAGE_STANDARD = "gnu++0x";
				CLANG_CXX_LIBRARY = "libc++";
				CLANG_ENABLE_MODULES = YES;
				CLANG_ENABLE_OBJC_ARC = YES;
				CLANG_WARN_BOOL_CONVERSION = YES;
				CLANG_WARN_CONSTANT_CONVERSION = YES;
				CLANG_WARN_DIRECT_OBJC_ISA_USAGE = YES_ERROR;
				CLANG_WARN_DOCUMENTATION_COMMENTS = YES;
				CLANG_WARN_EMPTY_BODY = YES;
				CLANG_WARN_ENUM_CONVERSION = YES;
				CLANG_WARN_INFINITE_RECURSION = YES;
				CLANG_WARN_INT_CONVERSION = YES;
				CLANG_WARN_OBJC_ROOT_CLASS = YES_ERROR;
				CLANG_WARN_SUSPICIOUS_MOVE = YES;
				CLANG_WARN_UNREACHABLE_CODE = YES;
				CLANG_WARN__DUPLICATE_METHOD_MATCH = YES;
				"CODE_SIGN_IDENTITY[sdk=iphoneos*]" = "iPhone Developer";
				COPY_PHASE_STRIP = NO;
				DEBUG_INFORMATION_FORMAT = "dwarf-with-dsym";
				ENABLE_NS_ASSERTIONS = NO;
				ENABLE_STRICT_OBJC_MSGSEND = YES;
				GCC_C_LANGUAGE_STANDARD = gnu99;
				GCC_NO_COMMON_BLOCKS = YES;
				GCC_WARN_64_TO_32_BIT_CONVERSION = YES;
				GCC_WARN_ABOUT_RETURN_TYPE = YES_ERROR;
				GCC_WARN_UNDECLARED_SELECTOR = YES;
				GCC_WARN_UNINITIALIZED_AUTOS = YES_AGGRESSIVE;
				GCC_WARN_UNUSED_FUNCTION = YES;
				GCC_WARN_UNUSED_VARIABLE = YES;
				IPHONEOS_DEPLOYMENT_TARGET = 10.2;
				MTL_ENABLE_DEBUG_INFO = NO;
				SDKROOT = iphoneos;
				SWIFT_OPTIMIZATION_LEVEL = "-Owholemodule";
				VALIDATE_PRODUCT = YES;
			};
			name = Release;
		};
		6193BA1A1F47189B0024802B /* Debug */ = {
			isa = XCBuildConfiguration;
			buildSettings = {
				ASSETCATALOG_COMPILER_APPICON_NAME = AppIcon;
				INFOPLIST_FILE = CalenderView/Info.plist;
				LD_RUNPATH_SEARCH_PATHS = "$(inherited) @executable_path/Frameworks";
				PRODUCT_BUNDLE_IDENTIFIER = com.amantaneja.CalenderView;
				PRODUCT_NAME = "$(TARGET_NAME)";
				SWIFT_VERSION = 3.0;
			};
			name = Debug;
		};
		6193BA1B1F47189B0024802B /* Release */ = {
			isa = XCBuildConfiguration;
			buildSettings = {
				ASSETCATALOG_COMPILER_APPICON_NAME = AppIcon;
				INFOPLIST_FILE = CalenderView/Info.plist;
				LD_RUNPATH_SEARCH_PATHS = "$(inherited) @executable_path/Frameworks";
				PRODUCT_BUNDLE_IDENTIFIER = com.amantaneja.CalenderView;
				PRODUCT_NAME = "$(TARGET_NAME)";
				SWIFT_VERSION = 3.0;
			};
			name = Release;
		};
/* End XCBuildConfiguration section */

/* Begin XCConfigurationList section */
		6193BA021F47189B0024802B /* Build configuration list for PBXProject "CalenderView" */ = {
			isa = XCConfigurationList;
			buildConfigurations = (
				6193BA171F47189B0024802B /* Debug */,
				6193BA181F47189B0024802B /* Release */,
			);
			defaultConfigurationIsVisible = 0;
			defaultConfigurationName = Release;
		};
		6193BA191F47189B0024802B /* Build configuration list for PBXNativeTarget "CalenderView" */ = {
			isa = XCConfigurationList;
			buildConfigurations = (
				6193BA1A1F47189B0024802B /* Debug */,
				6193BA1B1F47189B0024802B /* Release */,
			);
			defaultConfigurationIsVisible = 0;
			defaultConfigurationName = Release;
		};
/* End XCConfigurationList section */
	};
	rootObject = 6193B9FF1F47189B0024802B /* Project object */;
}
